// !$*UTF8*$!
{
	archiveVersion = 1;
	classes = {
	};
	objectVersion = 50;
	objects = {

/* Begin PBXBuildFile section */
		D953AADB23F73B83006D8CB3 /* AppDelegate.swift in Sources */ = {isa = PBXBuildFile; fileRef = D953AADA23F73B83006D8CB3 /* AppDelegate.swift */; };
		D953AADD23F73B83006D8CB3 /* SceneDelegate.swift in Sources */ = {isa = PBXBuildFile; fileRef = D953AADC23F73B83006D8CB3 /* SceneDelegate.swift */; };
		D953AADF23F73B83006D8CB3 /* ViewController.swift in Sources */ = {isa = PBXBuildFile; fileRef = D953AADE23F73B83006D8CB3 /* ViewController.swift */; };
		D953AAE223F73B83006D8CB3 /* Main.storyboard in Resources */ = {isa = PBXBuildFile; fileRef = D953AAE023F73B83006D8CB3 /* Main.storyboard */; };
		D953AAE423F73B85006D8CB3 /* Assets.xcassets in Resources */ = {isa = PBXBuildFile; fileRef = D953AAE323F73B85006D8CB3 /* Assets.xcassets */; };
		D953AAE723F73B85006D8CB3 /* LaunchScreen.storyboard in Resources */ = {isa = PBXBuildFile; fileRef = D953AAE523F73B85006D8CB3 /* LaunchScreen.storyboard */; };
		D9E2803423FAB2C00030ECCC /* Calculator.framework in Frameworks */ = {isa = PBXBuildFile; fileRef = D9E2803123FAB2B30030ECCC /* Calculator.framework */; };
		D9E2803523FAB2C00030ECCC /* Calculator.framework in Embed Frameworks */ = {isa = PBXBuildFile; fileRef = D9E2803123FAB2B30030ECCC /* Calculator.framework */; settings = {ATTRIBUTES = (CodeSignOnCopy, RemoveHeadersOnCopy, ); }; };
/* End PBXBuildFile section */

/* Begin PBXContainerItemProxy section */
		D9E2803023FAB2B30030ECCC /* PBXContainerItemProxy */ = {
			isa = PBXContainerItemProxy;
			containerPortal = D953AB6523FAB29C006D8CB3 /* Calculator.xcodeproj */;
			proxyType = 2;
			remoteGlobalIDString = D953AB4023FAB255006D8CB3;
			remoteInfo = Calculator;
		};
		D9E2803223FAB2B30030ECCC /* PBXContainerItemProxy */ = {
			isa = PBXContainerItemProxy;
			containerPortal = D953AB6523FAB29C006D8CB3 /* Calculator.xcodeproj */;
			proxyType = 2;
			remoteGlobalIDString = D953AB4923FAB255006D8CB3;
			remoteInfo = CalculatorTests;
		};
/* End PBXContainerItemProxy section */

/* Begin PBXCopyFilesBuildPhase section */
		D953AB2923FAAFEC006D8CB3 /* Embed Frameworks */ = {
			isa = PBXCopyFilesBuildPhase;
			buildActionMask = 2147483647;
			dstPath = "";
			dstSubfolderSpec = 10;
			files = (
				D9E2803523FAB2C00030ECCC /* Calculator.framework in Embed Frameworks */,
			);
			name = "Embed Frameworks";
			runOnlyForDeploymentPostprocessing = 0;
		};
/* End PBXCopyFilesBuildPhase section */

/* Begin PBXFileReference section */
		D953AAD723F73B83006D8CB3 /* framework.app */ = {isa = PBXFileReference; explicitFileType = wrapper.application; includeInIndex = 0; path = framework.app; sourceTree = BUILT_PRODUCTS_DIR; };
		D953AADA23F73B83006D8CB3 /* AppDelegate.swift */ = {isa = PBXFileReference; lastKnownFileType = sourcecode.swift; path = AppDelegate.swift; sourceTree = "<group>"; };
		D953AADC23F73B83006D8CB3 /* SceneDelegate.swift */ = {isa = PBXFileReference; lastKnownFileType = sourcecode.swift; path = SceneDelegate.swift; sourceTree = "<group>"; };
		D953AADE23F73B83006D8CB3 /* ViewController.swift */ = {isa = PBXFileReference; lastKnownFileType = sourcecode.swift; path = ViewController.swift; sourceTree = "<group>"; };
		D953AAE123F73B83006D8CB3 /* Base */ = {isa = PBXFileReference; lastKnownFileType = file.storyboard; name = Base; path = Base.lproj/Main.storyboard; sourceTree = "<group>"; };
		D953AAE323F73B85006D8CB3 /* Assets.xcassets */ = {isa = PBXFileReference; lastKnownFileType = folder.assetcatalog; path = Assets.xcassets; sourceTree = "<group>"; };
		D953AAE623F73B85006D8CB3 /* Base */ = {isa = PBXFileReference; lastKnownFileType = file.storyboard; name = Base; path = Base.lproj/LaunchScreen.storyboard; sourceTree = "<group>"; };
		D953AAE823F73B85006D8CB3 /* Info.plist */ = {isa = PBXFileReference; lastKnownFileType = text.plist.xml; path = Info.plist; sourceTree = "<group>"; };
		D953AB6523FAB29C006D8CB3 /* Calculator.xcodeproj */ = {isa = PBXFileReference; lastKnownFileType = "wrapper.pb-project"; name = Calculator.xcodeproj; path = ../Calculator/Calculator.xcodeproj; sourceTree = "<group>"; };
/* End PBXFileReference section */

/* Begin PBXFrameworksBuildPhase section */
		D953AAD423F73B83006D8CB3 /* Frameworks */ = {
			isa = PBXFrameworksBuildPhase;
			buildActionMask = 2147483647;
			files = (
				D9E2803423FAB2C00030ECCC /* Calculator.framework in Frameworks */,
			);
			runOnlyForDeploymentPostprocessing = 0;
		};
/* End PBXFrameworksBuildPhase section */

/* Begin PBXGroup section */
		D953AACE23F73B83006D8CB3 = {
			isa = PBXGroup;
			children = (
				D953AB6523FAB29C006D8CB3 /* Calculator.xcodeproj */,
				D953AAD923F73B83006D8CB3 /* framework */,
				D953AAD823F73B83006D8CB3 /* Products */,
				D953AB2623FAAFEC006D8CB3 /* Frameworks */,
			);
			sourceTree = "<group>";
		};
		D953AAD823F73B83006D8CB3 /* Products */ = {
			isa = PBXGroup;
			children = (
				D953AAD723F73B83006D8CB3 /* framework.app */,
			);
			name = Products;
			sourceTree = "<group>";
		};
		D953AAD923F73B83006D8CB3 /* framework */ = {
			isa = PBXGroup;
			children = (
				D953AADA23F73B83006D8CB3 /* AppDelegate.swift */,
				D953AADC23F73B83006D8CB3 /* SceneDelegate.swift */,
				D953AADE23F73B83006D8CB3 /* ViewController.swift */,
				D953AAE023F73B83006D8CB3 /* Main.storyboard */,
				D953AAE323F73B85006D8CB3 /* Assets.xcassets */,
				D953AAE523F73B85006D8CB3 /* LaunchScreen.storyboard */,
				D953AAE823F73B85006D8CB3 /* Info.plist */,
			);
			path = framework;
			sourceTree = "<group>";
		};
		D953AB2623FAAFEC006D8CB3 /* Frameworks */ = {
			isa = PBXGroup;
			children = (
			);
			name = Frameworks;
			sourceTree = "<group>";
		};
		D9E2802C23FAB2B10030ECCC /* Products */ = {
			isa = PBXGroup;
			children = (
				D9E2803123FAB2B30030ECCC /* Calculator.framework */,
				D9E2803323FAB2B30030ECCC /* CalculatorTests.xctest */,
			);
			name = Products;
			sourceTree = "<group>";
		};
/* End PBXGroup section */

/* Begin PBXNativeTarget section */
		D953AAD623F73B83006D8CB3 /* framework */ = {
			isa = PBXNativeTarget;
			buildConfigurationList = D953AAEB23F73B85006D8CB3 /* Build configuration list for PBXNativeTarget "framework" */;
			buildPhases = (
				D953AAD323F73B83006D8CB3 /* Sources */,
				D953AAD423F73B83006D8CB3 /* Frameworks */,
				D953AAD523F73B83006D8CB3 /* Resources */,
				D953AB2923FAAFEC006D8CB3 /* Embed Frameworks */,
			);
			buildRules = (
			);
			dependencies = (
			);
			name = framework;
			productName = framework;
			productReference = D953AAD723F73B83006D8CB3 /* framework.app */;
			productType = "com.apple.product-type.application";
		};
/* End PBXNativeTarget section */

/* Begin PBXProject section */
		D953AACF23F73B83006D8CB3 /* Project object */ = {
			isa = PBXProject;
			attributes = {
				LastSwiftUpdateCheck = 1130;
				LastUpgradeCheck = 1130;
				ORGANIZATIONNAME = emer;
				TargetAttributes = {
					D953AAD623F73B83006D8CB3 = {
						CreatedOnToolsVersion = 11.3.1;
					};
				};
			};
			buildConfigurationList = D953AAD223F73B83006D8CB3 /* Build configuration list for PBXProject "framework" */;
			compatibilityVersion = "Xcode 9.3";
			developmentRegion = en;
			hasScannedForEncodings = 0;
			knownRegions = (
				en,
				Base,
			);
			mainGroup = D953AACE23F73B83006D8CB3;
			productRefGroup = D953AAD823F73B83006D8CB3 /* Products */;
			projectDirPath = "";
			projectReferences = (
				{
					ProductGroup = D9E2802C23FAB2B10030ECCC /* Products */;
					ProjectRef = D953AB6523FAB29C006D8CB3 /* Calculator.xcodeproj */;
				},
			);
			projectRoot = "";
			targets = (
				D953AAD623F73B83006D8CB3 /* framework */,
			);
		};
/* End PBXProject section */

/* Begin PBXReferenceProxy section */
		D9E2803123FAB2B30030ECCC /* Calculator.framework */ = {
			isa = PBXReferenceProxy;
			fileType = wrapper.framework;
			path = Calculator.framework;
			remoteRef = D9E2803023FAB2B30030ECCC /* PBXContainerItemProxy */;
			sourceTree = BUILT_PRODUCTS_DIR;
		};
		D9E2803323FAB2B30030ECCC /* CalculatorTests.xctest */ = {
			isa = PBXReferenceProxy;
			fileType = wrapper.cfbundle;
			path = CalculatorTests.xctest;
			remoteRef = D9E2803223FAB2B30030ECCC /* PBXContainerItemProxy */;
			sourceTree = BUILT_PRODUCTS_DIR;
		};
/* End PBXReferenceProxy section */

/* Begin PBXResourcesBuildPhase section */
		D953AAD523F73B83006D8CB3 /* Resources */ = {
			isa = PBXResourcesBuildPhase;
			buildActionMask = 2147483647;
			files = (
				D953AAE723F73B85006D8CB3 /* LaunchScreen.storyboard in Resources */,
				D953AAE423F73B85006D8CB3 /* Assets.xcassets in Resources */,
				D953AAE223F73B83006D8CB3 /* Main.storyboard in Resources */,
			);
			runOnlyForDeploymentPostprocessing = 0;
		};
/* End PBXResourcesBuildPhase section */

/* Begin PBXSourcesBuildPhase section */
		D953AAD323F73B83006D8CB3 /* Sources */ = {
			isa = PBXSourcesBuildPhase;
			buildActionMask = 2147483647;
			files = (
				D953AADF23F73B83006D8CB3 /* ViewController.swift in Sources */,
				D953AADB23F73B83006D8CB3 /* AppDelegate.swift in Sources */,
				D953AADD23F73B83006D8CB3 /* SceneDelegate.swift in Sources */,
			);
			runOnlyForDeploymentPostprocessing = 0;
		};
/* End PBXSourcesBuildPhase section */

/* Begin PBXVariantGroup section */
		D953AAE023F73B83006D8CB3 /* Main.storyboard */ = {
			isa = PBXVariantGroup;
			children = (
				D953AAE123F73B83006D8CB3 /* Base */,
			);
			name = Main.storyboard;
			sourceTree = "<group>";
		};
		D953AAE523F73B85006D8CB3 /* LaunchScreen.storyboard */ = {
			isa = PBXVariantGroup;
			children = (
				D953AAE623F73B85006D8CB3 /* Base */,
			);
			name = LaunchScreen.storyboard;
			sourceTree = "<group>";
		};
/* End PBXVariantGroup section */

/* Begin XCBuildConfiguration section */
		D953AAE923F73B85006D8CB3 /* Debug */ = {
			isa = XCBuildConfiguration;
			buildSettings = {
				ALWAYS_SEARCH_USER_PATHS = NO;
				CLANG_ANALYZER_NONNULL = YES;
				CLANG_ANALYZER_NUMBER_OBJECT_CONVERSION = YES_AGGRESSIVE;
				CLANG_CXX_LANGUAGE_STANDARD = "gnu++14";
				CLANG_CXX_LIBRARY = "libc++";
				CLANG_ENABLE_MODULES = YES;
				CLANG_ENABLE_OBJC_ARC = YES;
				CLANG_ENABLE_OBJC_WEAK = YES;
				CLANG_WARN_BLOCK_CAPTURE_AUTORELEASING = YES;
				CLANG_WARN_BOOL_CONVERSION = YES;
				CLANG_WARN_COMMA = YES;
				CLANG_WARN_CONSTANT_CONVERSION = YES;
				CLANG_WARN_DEPRECATED_OBJC_IMPLEMENTATIONS = YES;
				CLANG_WARN_DIRECT_OBJC_ISA_USAGE = YES_ERROR;
				CLANG_WARN_DOCUMENTATION_COMMENTS = YES;
				CLANG_WARN_EMPTY_BODY = YES;
				CLANG_WARN_ENUM_CONVERSION = YES;
				CLANG_WARN_INFINITE_RECURSION = YES;
				CLANG_WARN_INT_CONVERSION = YES;
				CLANG_WARN_NON_LITERAL_NULL_CONVERSION = YES;
				CLANG_WARN_OBJC_IMPLICIT_RETAIN_SELF = YES;
				CLANG_WARN_OBJC_LITERAL_CONVERSION = YES;
				CLANG_WARN_OBJC_ROOT_CLASS = YES_ERROR;
				CLANG_WARN_RANGE_LOOP_ANALYSIS = YES;
				CLANG_WARN_STRICT_PROTOTYPES = YES;
				CLANG_WARN_SUSPICIOUS_MOVE = YES;
				CLANG_WARN_UNGUARDED_AVAILABILITY = YES_AGGRESSIVE;
				CLANG_WARN_UNREACHABLE_CODE = YES;
				CLANG_WARN__DUPLICATE_METHOD_MATCH = YES;
				COPY_PHASE_STRIP = NO;
				DEBUG_INFORMATION_FORMAT = dwarf;
				ENABLE_STRICT_OBJC_MSGSEND = YES;
				ENABLE_TESTABILITY = YES;
				GCC_C_LANGUAGE_STANDARD = gnu11;
				GCC_DYNAMIC_NO_PIC = NO;
				GCC_NO_COMMON_BLOCKS = YES;
				GCC_OPTIMIZATION_LEVEL = 0;
				GCC_PREPROCESSOR_DEFINITIONS = (
					"DEBUG=1",
					"$(inherited)",
				);
				GCC_WARN_64_TO_32_BIT_CONVERSION = YES;
				GCC_WARN_ABOUT_RETURN_TYPE = YES_ERROR;
				GCC_WARN_UNDECLARED_SELECTOR = YES;
				GCC_WARN_UNINITIALIZED_AUTOS = YES_AGGRESSIVE;
				GCC_WARN_UNUSED_FUNCTION = YES;
				GCC_WARN_UNUSED_VARIABLE = YES;
				IPHONEOS_DEPLOYMENT_TARGET = 13.2;
				MTL_ENABLE_DEBUG_INFO = INCLUDE_SOURCE;
				MTL_FAST_MATH = YES;
				ONLY_ACTIVE_ARCH = YES;
				SDKROOT = iphoneos;
				SWIFT_ACTIVE_COMPILATION_CONDITIONS = DEBUG;
				SWIFT_OPTIMIZATION_LEVEL = "-Onone";
			};
			name = Debug;
		};
		D953AAEA23F73B85006D8CB3 /* Release */ = {
			isa = XCBuildConfiguration;
			buildSettings = {
				ALWAYS_SEARCH_USER_PATHS = NO;
				CLANG_ANALYZER_NONNULL = YES;
				CLANG_ANALYZER_NUMBER_OBJECT_CONVERSION = YES_AGGRESSIVE;
				CLANG_CXX_LANGUAGE_STANDARD = "gnu++14";
				CLANG_CXX_LIBRARY = "libc++";
				CLANG_ENABLE_MODULES = YES;
				CLANG_ENABLE_OBJC_ARC = YES;
				CLANG_ENABLE_OBJC_WEAK = YES;
				CLANG_WARN_BLOCK_CAPTURE_AUTORELEASING = YES;
				CLANG_WARN_BOOL_CONVERSION = YES;
				CLANG_WARN_COMMA = YES;
				CLANG_WARN_CONSTANT_CONVERSION = YES;
				CLANG_WARN_DEPRECATED_OBJC_IMPLEMENTATIONS = YES;
				CLANG_WARN_DIRECT_OBJC_ISA_USAGE = YES_ERROR;
				CLANG_WARN_DOCUMENTATION_COMMENTS = YES;
				CLANG_WARN_EMPTY_BODY = YES;
				CLANG_WARN_ENUM_CONVERSION = YES;
				CLANG_WARN_INFINITE_RECURSION = YES;
				CLANG_WARN_INT_CONVERSION = YES;
				CLANG_WARN_NON_LITERAL_NULL_CONVERSION = YES;
				CLANG_WARN_OBJC_IMPLICIT_RETAIN_SELF = YES;
				CLANG_WARN_OBJC_LITERAL_CONVERSION = YES;
				CLANG_WARN_OBJC_ROOT_CLASS = YES_ERROR;
				CLANG_WARN_RANGE_LOOP_ANALYSIS = YES;
				CLANG_WARN_STRICT_PROTOTYPES = YES;
				CLANG_WARN_SUSPICIOUS_MOVE = YES;
				CLANG_WARN_UNGUARDED_AVAILABILITY = YES_AGGRESSIVE;
				CLANG_WARN_UNREACHABLE_CODE = YES;
				CLANG_WARN__DUPLICATE_METHOD_MATCH = YES;
				COPY_PHASE_STRIP = NO;
				DEBUG_INFORMATION_FORMAT = "dwarf-with-dsym";
				ENABLE_NS_ASSERTIONS = NO;
				ENABLE_STRICT_OBJC_MSGSEND = YES;
				GCC_C_LANGUAGE_STANDARD = gnu11;
				GCC_NO_COMMON_BLOCKS = YES;
				GCC_WARN_64_TO_32_BIT_CONVERSION = YES;
				GCC_WARN_ABOUT_RETURN_TYPE = YES_ERROR;
				GCC_WARN_UNDECLARED_SELECTOR = YES;
				GCC_WARN_UNINITIALIZED_AUTOS = YES_AGGRESSIVE;
				GCC_WARN_UNUSED_FUNCTION = YES;
				GCC_WARN_UNUSED_VARIABLE = YES;
				IPHONEOS_DEPLOYMENT_TARGET = 13.2;
				MTL_ENABLE_DEBUG_INFO = NO;
				MTL_FAST_MATH = YES;
				SDKROOT = iphoneos;
				SWIFT_COMPILATION_MODE = wholemodule;
				SWIFT_OPTIMIZATION_LEVEL = "-O";
				VALIDATE_PRODUCT = YES;
			};
			name = Release;
		};
		D953AAEC23F73B85006D8CB3 /* Debug */ = {
			isa = XCBuildConfiguration;
			buildSettings = {
				ASSETCATALOG_COMPILER_APPICON_NAME = AppIcon;
				CODE_SIGN_STYLE = Automatic;
				DEVELOPMENT_TEAM = XP4ML92KUD;
				INFOPLIST_FILE = framework/Info.plist;
				LD_RUNPATH_SEARCH_PATHS = (
					"$(inherited)",
					"@executable_path/Frameworks",
				);
				PRODUCT_BUNDLE_IDENTIFIER = com.emer.framework;
				PRODUCT_NAME = "$(TARGET_NAME)";
				SWIFT_VERSION = 5.0;
				TARGETED_DEVICE_FAMILY = "1,2";
			};
			name = Debug;
		};
		D953AAED23F73B85006D8CB3 /* Release */ = {
			isa = XCBuildConfiguration;
			buildSettings = {
				ASSETCATALOG_COMPILER_APPICON_NAME = AppIcon;
				CODE_SIGN_STYLE = Automatic;
				DEVELOPMENT_TEAM = XP4ML92KUD;
				INFOPLIST_FILE = framework/Info.plist;
				LD_RUNPATH_SEARCH_PATHS = (
					"$(inherited)",
					"@executable_path/Frameworks",
				);
				PRODUCT_BUNDLE_IDENTIFIER = com.emer.framework;
				PRODUCT_NAME = "$(TARGET_NAME)";
				SWIFT_VERSION = 5.0;
				TARGETED_DEVICE_FAMILY = "1,2";
			};
			name = Release;
		};
/* End XCBuildConfiguration section */

/* Begin XCConfigurationList section */
		D953AAD223F73B83006D8CB3 /* Build configuration list for PBXProject "framework" */ = {
			isa = XCConfigurationList;
			buildConfigurations = (
				D953AAE923F73B85006D8CB3 /* Debug */,
				D953AAEA23F73B85006D8CB3 /* Release */,
			);
			defaultConfigurationIsVisible = 0;
			defaultConfigurationName = Release;
		};
		D953AAEB23F73B85006D8CB3 /* Build configuration list for PBXNativeTarget "framework" */ = {
			isa = XCConfigurationList;
			buildConfigurations = (
				D953AAEC23F73B85006D8CB3 /* Debug */,
				D953AAED23F73B85006D8CB3 /* Release */,
			);
			defaultConfigurationIsVisible = 0;
			defaultConfigurationName = Release;
		};
/* End XCConfigurationList section */
	};
	rootObject = D953AACF23F73B83006D8CB3 /* Project object */;
}
